
Microsoft Visual Studio Solution File, Format Version 12.00
# Visual Studio Version 17
VisualStudioVersion = 17.4.33205.214
MinimumVisualStudioVersion = 10.0.40219.1
Project("{FAE04EC0-301F-11D3-BF4B-00C04F79EFBC}") = "OrdersManagement", "OrdersManagement.csproj", "{73FBFE8F-483D-40DD-840D-F29DF064F710}"
EndProject
Global
	GlobalSection(SolutionConfigurationPlatforms) = preSolution
		Debug|Any CPU = Debug|Any CPU
		Release|Any CPU = Release|Any CPU
	EndGlobalSection
	GlobalSection(ProjectConfigurationPlatforms) = postSolution
		{73FBFE8F-483D-40DD-840D-F29DF064F710}.Debug|Any CPU.ActiveCfg = Debug|Any CPU
		{73FBFE8F-483D-40DD-840D-F29DF064F710}.Debug|Any CPU.Build.0 = Debug|Any CPU
		{73FBFE8F-483D-40DD-840D-F29DF064F710}.Release|Any CPU.ActiveCfg = Release|Any CPU
		{73FBFE8F-483D-40DD-840D-F29DF064F710}.Release|Any CPU.Build.0 = Release|Any CPU
	EndGlobalSection
	GlobalSection(SolutionProperties) = preSolution
		HideSolutionNode = FALSE
	EndGlobalSection
	GlobalSection(ExtensibilityGlobals) = postSolution
		SolutionGuid = {E9143F1E-839C-4D96-9576-8C1CD9524E1F}
	EndGlobalSection
EndGlobal
